{
  "name": "nordigen-aspire-budget",
  "lockfileVersion": 2,
  "requires": true,
  "packages": {
    "": {
      "dependencies": {
        "@types/google-apps-script": "^1.0.55"
      },
      "devDependencies": {
        "prettier": "^2.7.1"
      }
    },
    "node_modules/@types/google-apps-script": {
      "version": "1.0.55",
      "resolved": "https://registry.npmjs.org/@types/google-apps-script/-/google-apps-script-1.0.55.tgz",
      "integrity": "sha512-rrZ2jUdroRbbbDNEYTi5HbxiJYa4K5cpanIzRaiK5bnI0GxRtROZUT8Zjt6IIrPp1SUL+8w+T5bR8ZLwF9FkBA=="
    },
    "node_modules/prettier": {
      "version": "2.7.1",
      "resolved": "https://registry.npmjs.org/prettier/-/prettier-2.7.1.tgz",
      "integrity": "sha512-ujppO+MkdPqoVINuDFDRLClm7D78qbDt0/NR+wp5FqEZOoTNAjPHWj17QRhu7geIHJfcNhRk1XVQmF8Bp3ye+g==",
      "dev": true,
      "bin": {
        "prettier": "bin-prettier.js"
      },
      "engines": {
        "node": ">=10.13.0"
      },
      "funding": {
        "url": "https://github.com/prettier/prettier?sponsor=1"
      }
    }
  },
  "dependencies": {
    "@types/google-apps-script": {
      "version": "1.0.55",
      "resolved": "https://registry.npmjs.org/@types/google-apps-script/-/google-apps-script-1.0.55.tgz",
      "integrity": "sha512-rrZ2jUdroRbbbDNEYTi5HbxiJYa4K5cpanIzRaiK5bnI0GxRtROZUT8Zjt6IIrPp1SUL+8w+T5bR8ZLwF9FkBA=="
    },
    "prettier": {
      "version": "2.7.1",
      "resolved": "https://registry.npmjs.org/prettier/-/prettier-2.7.1.tgz",
      "integrity": "sha512-ujppO+MkdPqoVINuDFDRLClm7D78qbDt0/NR+wp5FqEZOoTNAjPHWj17QRhu7geIHJfcNhRk1XVQmF8Bp3ye+g==",
      "dev": true
    }
  }
}
